
Microsoft Visual Studio Solution File, Format Version 12.00
# Visual Studio Version 16
VisualStudioVersion = 16.0.30611.23
MinimumVisualStudioVersion = 10.0.40219.1
Project("{FAE04EC0-301F-11D3-BF4B-00C04F79EFBC}") = "Labirintus", "Labirintus\Labirintus.csproj", "{7CF99EE5-E995-4154-AA26-E5EA8E2D3F8F}"
EndProject
Global
	GlobalSection(SolutionConfigurationPlatforms) = preSolution
		Debug|Any CPU = Debug|Any CPU
		Release|Any CPU = Release|Any CPU
	EndGlobalSection
	GlobalSection(ProjectConfigurationPlatforms) = postSolution
		{7CF99EE5-E995-4154-AA26-E5EA8E2D3F8F}.Debug|Any CPU.ActiveCfg = Debug|Any CPU
		{7CF99EE5-E995-4154-AA26-E5EA8E2D3F8F}.Debug|Any CPU.Build.0 = Debug|Any CPU
		{7CF99EE5-E995-4154-AA26-E5EA8E2D3F8F}.Release|Any CPU.ActiveCfg = Release|Any CPU
		{7CF99EE5-E995-4154-AA26-E5EA8E2D3F8F}.Release|Any CPU.Build.0 = Release|Any CPU
	EndGlobalSection
	GlobalSection(SolutionProperties) = preSolution
		HideSolutionNode = FALSE
	EndGlobalSection
	GlobalSection(ExtensibilityGlobals) = postSolution
		SolutionGuid = {6BCEEE1C-9675-4A92-9798-BE0FEB87F474}
	EndGlobalSection
EndGlobal
